
Microsoft Visual Studio Solution File, Format Version 12.00
# Visual Studio 15
VisualStudioVersion = 15.0.27004.2010
MinimumVisualStudioVersion = 10.0.40219.1
Project("{FAE04EC0-301F-11D3-BF4B-00C04F79EFBC}") = "RaymondContreras_HandsOnTest.WebApi", "RaymondContreras_HandsOnTest.WebApi\RaymondContreras_HandsOnTest.WebApi.csproj", "{6F39FE31-F056-4694-B405-298EE793E5D6}"
EndProject
Project("{FAE04EC0-301F-11D3-BF4B-00C04F79EFBC}") = "RaymondContreras_HandsOnTest.Services", "RaymondContreras_HandsOnTest.Services\RaymondContreras_HandsOnTest.Services.csproj", "{2413192C-9A7E-4943-AEF0-AC1EE8D3BAEA}"
EndProject
Project("{FAE04EC0-301F-11D3-BF4B-00C04F79EFBC}") = "RaymondContreras_HandsOnTest.Models", "RaymondContreras_HandsOnTest.Models\RaymondContreras_HandsOnTest.Models.csproj", "{DAFB6916-5E69-47DF-8C8B-C288D728329E}"
EndProject
Project("{FAE04EC0-301F-11D3-BF4B-00C04F79EFBC}") = "RaymondContreras_HandsOnTest.ViewModels", "RaymondContreras_HandsOnTest.ViewModels\RaymondContreras_HandsOnTest.ViewModels.csproj", "{82D88413-B07D-4022-9C6C-42DF60528855}"
EndProject
Global
	GlobalSection(SolutionConfigurationPlatforms) = preSolution
		Debug|Any CPU = Debug|Any CPU
		Release|Any CPU = Release|Any CPU
	EndGlobalSection
	GlobalSection(ProjectConfigurationPlatforms) = postSolution
		{6F39FE31-F056-4694-B405-298EE793E5D6}.Debug|Any CPU.ActiveCfg = Debug|Any CPU
		{6F39FE31-F056-4694-B405-298EE793E5D6}.Debug|Any CPU.Build.0 = Debug|Any CPU
		{6F39FE31-F056-4694-B405-298EE793E5D6}.Release|Any CPU.ActiveCfg = Release|Any CPU
		{6F39FE31-F056-4694-B405-298EE793E5D6}.Release|Any CPU.Build.0 = Release|Any CPU
		{2413192C-9A7E-4943-AEF0-AC1EE8D3BAEA}.Debug|Any CPU.ActiveCfg = Debug|Any CPU
		{2413192C-9A7E-4943-AEF0-AC1EE8D3BAEA}.Debug|Any CPU.Build.0 = Debug|Any CPU
		{2413192C-9A7E-4943-AEF0-AC1EE8D3BAEA}.Release|Any CPU.ActiveCfg = Release|Any CPU
		{2413192C-9A7E-4943-AEF0-AC1EE8D3BAEA}.Release|Any CPU.Build.0 = Release|Any CPU
		{DAFB6916-5E69-47DF-8C8B-C288D728329E}.Debug|Any CPU.ActiveCfg = Debug|Any CPU
		{DAFB6916-5E69-47DF-8C8B-C288D728329E}.Debug|Any CPU.Build.0 = Debug|Any CPU
		{DAFB6916-5E69-47DF-8C8B-C288D728329E}.Release|Any CPU.ActiveCfg = Release|Any CPU
		{DAFB6916-5E69-47DF-8C8B-C288D728329E}.Release|Any CPU.Build.0 = Release|Any CPU
		{82D88413-B07D-4022-9C6C-42DF60528855}.Debug|Any CPU.ActiveCfg = Debug|Any CPU
		{82D88413-B07D-4022-9C6C-42DF60528855}.Debug|Any CPU.Build.0 = Debug|Any CPU
		{82D88413-B07D-4022-9C6C-42DF60528855}.Release|Any CPU.ActiveCfg = Release|Any CPU
		{82D88413-B07D-4022-9C6C-42DF60528855}.Release|Any CPU.Build.0 = Release|Any CPU
	EndGlobalSection
	GlobalSection(SolutionProperties) = preSolution
		HideSolutionNode = FALSE
	EndGlobalSection
	GlobalSection(ExtensibilityGlobals) = postSolution
		SolutionGuid = {B01570A3-161B-4AD5-8071-43756E65A703}
	EndGlobalSection
EndGlobal
